{
  "name": "@kasimirjs/app",
  "version": "1.0.0",
  "lockfileVersion": 2,
  "requires": true,
  "packages": {
    "": {
      "name": "@kasimirjs/app",
      "version": "1.0.0",
      "license": "MIT",
      "workspaces": [
        "workspaces/*"
      ],
      "dependencies": {
        "@kasimirjs/app": ">=1.0.6",
        "@kasimirjs/embed": ">=1.0.8",
        "@kasimirjs/kit-bootstrap": ">=1.0.4",
        "reflect-metadata": "*"
      },
      "devDependencies": {}
    },
    "node_modules/@kasimirjs/app": {
      "version": "1.0.6",
      "resolved": "https://registry.npmjs.org/@kasimirjs/app/-/app-1.0.6.tgz",
      "integrity": "sha512-JBX2vbFeIjquMwWtxMBYL/QyrmMHafFeMmd6uWTzB11kXHQHWuQ4wxEJg6XT8HV+Ta2MuDfNV2y0M7veSjj+rw==",
      "dependencies": {
        "@kasimirjs/embed": ">=1.0.7",
        "reflect-metadata": "*"
      }
    },
    "node_modules/@kasimirjs/embed": {
      "version": "1.0.10",
      "resolved": "https://registry.npmjs.org/@kasimirjs/embed/-/embed-1.0.10.tgz",
      "integrity": "sha512-As+2/o/hwR2BrmxWpqS2OduooQvGPGgnYldSu9WvAYNL4jxeg+Pf0FRfIjF5vlATFmuUgpdJrKcQ4Rd462xTug==",
      "dependencies": {
        "reflect-metadata": "^0.1.13"
      }
    },
    "node_modules/@kasimirjs/kit-bootstrap": {
      "version": "1.0.4",
      "resolved": "https://registry.npmjs.org/@kasimirjs/kit-bootstrap/-/kit-bootstrap-1.0.4.tgz",
      "integrity": "sha512-5ELLrlNcvuKy/BvzvOE7xdkT6QZeFskA4C77jihGf9VxUXcl/vV1e4QgD0b2b0/bZ0kyXehhIRcVa6TEwUeJGg==",
      "dependencies": {
        "@kasimirjs/embed": ">=1.0.7",
        "reflect-metadata": "*"
      }
    },
    "node_modules/reflect-metadata": {
      "version": "0.1.13",
      "resolved": "https://registry.npmjs.org/reflect-metadata/-/reflect-metadata-0.1.13.tgz",
      "integrity": "sha512-Ts1Y/anZELhSsjMcU605fU9RE4Oi3p5ORujwbIKXfWa+0Zxs510Qrmrce5/Jowq3cHSZSJqBjypxmHarc+vEWg=="
    }
  },
  "dependencies": {
    "@kasimirjs/app": {
      "version": "1.0.6",
      "resolved": "https://registry.npmjs.org/@kasimirjs/app/-/app-1.0.6.tgz",
      "integrity": "sha512-JBX2vbFeIjquMwWtxMBYL/QyrmMHafFeMmd6uWTzB11kXHQHWuQ4wxEJg6XT8HV+Ta2MuDfNV2y0M7veSjj+rw==",
      "requires": {
        "@kasimirjs/embed": ">=1.0.7",
        "reflect-metadata": "*"
      }
    },
    "@kasimirjs/embed": {
      "version": "1.0.10",
      "resolved": "https://registry.npmjs.org/@kasimirjs/embed/-/embed-1.0.10.tgz",
      "integrity": "sha512-As+2/o/hwR2BrmxWpqS2OduooQvGPGgnYldSu9WvAYNL4jxeg+Pf0FRfIjF5vlATFmuUgpdJrKcQ4Rd462xTug==",
      "requires": {
        "reflect-metadata": "^0.1.13"
      }
    },
    "@kasimirjs/kit-bootstrap": {
      "version": "1.0.4",
      "resolved": "https://registry.npmjs.org/@kasimirjs/kit-bootstrap/-/kit-bootstrap-1.0.4.tgz",
      "integrity": "sha512-5ELLrlNcvuKy/BvzvOE7xdkT6QZeFskA4C77jihGf9VxUXcl/vV1e4QgD0b2b0/bZ0kyXehhIRcVa6TEwUeJGg==",
      "requires": {
        "@kasimirjs/embed": ">=1.0.7",
        "reflect-metadata": "*"
      }
    },
    "reflect-metadata": {
      "version": "0.1.13",
      "resolved": "https://registry.npmjs.org/reflect-metadata/-/reflect-metadata-0.1.13.tgz",
      "integrity": "sha512-Ts1Y/anZELhSsjMcU605fU9RE4Oi3p5ORujwbIKXfWa+0Zxs510Qrmrce5/Jowq3cHSZSJqBjypxmHarc+vEWg=="
    }
  }
}
